# THIS IS AN AUTOGENERATED FILE. DO NOT EDIT THIS FILE DIRECTLY.
# yarn lockfile v1


vue-router@^3.0.2:
  version "3.0.2"
  resolved "https://registry.yarnpkg.com/vue-router/-/vue-router-3.0.2.tgz#dedc67afe6c4e2bc25682c8b1c2a8c0d7c7e56be"
  integrity sha512-opKtsxjp9eOcFWdp6xLQPLmRGgfM932Tl56U9chYTnoWqKxQ8M20N7AkdEbM5beUh6wICoFGYugAX9vQjyJLFg==
